
Microsoft Visual Studio Solution File, Format Version 12.00
# Visual Studio Version 17
VisualStudioVersion = 17.6.33815.320
MinimumVisualStudioVersion = 10.0.40219.1
Project("{FAE04EC0-301F-11D3-BF4B-00C04F79EFBC}") = "ReverseGeoCode", "ReverseGeoCode.csproj", "{7B9B548C-FF9B-4779-963D-9F80B4EBFE1B}"
EndProject
Global
	GlobalSection(SolutionConfigurationPlatforms) = preSolution
		Debug|Any CPU = Debug|Any CPU
		Release|Any CPU = Release|Any CPU
	EndGlobalSection
	GlobalSection(ProjectConfigurationPlatforms) = postSolution
		{7B9B548C-FF9B-4779-963D-9F80B4EBFE1B}.Debug|Any CPU.ActiveCfg = Debug|Any CPU
		{7B9B548C-FF9B-4779-963D-9F80B4EBFE1B}.Debug|Any CPU.Build.0 = Debug|Any CPU
		{7B9B548C-FF9B-4779-963D-9F80B4EBFE1B}.Release|Any CPU.ActiveCfg = Release|Any CPU
		{7B9B548C-FF9B-4779-963D-9F80B4EBFE1B}.Release|Any CPU.Build.0 = Release|Any CPU
	EndGlobalSection
	GlobalSection(SolutionProperties) = preSolution
		HideSolutionNode = FALSE
	EndGlobalSection
	GlobalSection(ExtensibilityGlobals) = postSolution
		SolutionGuid = {9D534456-2287-48B3-A764-11E920D5598E}
	EndGlobalSection
EndGlobal
